
Microsoft Visual Studio Solution File, Format Version 12.00
# Visual Studio 15
VisualStudioVersion = 15.0.26403.7
MinimumVisualStudioVersion = 10.0.40219.1
Project("{8BC9CEB8-8B4A-11D0-8D11-00A0C91BC942}") = "Game", "Game.vcxproj", "{A551774F-ED89-43CF-8F46-24B049B152A6}"
EndProject
Global
	GlobalSection(SolutionConfigurationPlatforms) = preSolution
		Debug|x86 = Debug|x86
		Profile|x86 = Profile|x86
		Release|x86 = Release|x86
	EndGlobalSection
	GlobalSection(ProjectConfigurationPlatforms) = postSolution
		{A551774F-ED89-43CF-8F46-24B049B152A6}.Debug|x86.ActiveCfg = Debug|Win32
		{A551774F-ED89-43CF-8F46-24B049B152A6}.Debug|x86.Build.0 = Debug|Win32
		{A551774F-ED89-43CF-8F46-24B049B152A6}.Profile|x86.ActiveCfg = Profile|Win32
		{A551774F-ED89-43CF-8F46-24B049B152A6}.Profile|x86.Build.0 = Profile|Win32
		{A551774F-ED89-43CF-8F46-24B049B152A6}.Release|x86.ActiveCfg = Release|Win32
		{A551774F-ED89-43CF-8F46-24B049B152A6}.Release|x86.Build.0 = Release|Win32
	EndGlobalSection
	GlobalSection(SolutionProperties) = preSolution
		HideSolutionNode = FALSE
	EndGlobalSection
EndGlobal
